// !$*UTF8*$!
{
	archiveVersion = 1;
	classes = {
	};
	objectVersion = 46;
	objects = {

/* Begin PBXBuildFile section */
		140254741EC1A108002482E5 /* InfoPerroViewController.swift in Sources */ = {isa = PBXBuildFile; fileRef = 140254731EC1A108002482E5 /* InfoPerroViewController.swift */; };
		140D6AB21EBB393700989AD9 /* Perro.swift in Sources */ = {isa = PBXBuildFile; fileRef = 140D6AB11EBB393700989AD9 /* Perro.swift */; };
		140D6AB81EBB39C800989AD9 /* Restablecer.swift in Sources */ = {isa = PBXBuildFile; fileRef = 140D6AB71EBB39C800989AD9 /* Restablecer.swift */; };
		140D6ABA1EBB541C00989AD9 /* CVCMiCeldaColeccionFotos.swift in Sources */ = {isa = PBXBuildFile; fileRef = 140D6AB91EBB541C00989AD9 /* CVCMiCeldaColeccionFotos.swift */; };
		143D53FD1E8A61D700A33535 /* LocationAdmin.swift in Sources */ = {isa = PBXBuildFile; fileRef = 143D53FC1E8A61D700A33535 /* LocationAdmin.swift */; };
		143D53FF1E8A6AC100A33535 /* VCMapa.swift in Sources */ = {isa = PBXBuildFile; fileRef = 143D53FE1E8A6AC100A33535 /* VCMapa.swift */; };
		147DBFA61ED6C9740038CB42 /* RegistroPerro.swift in Sources */ = {isa = PBXBuildFile; fileRef = 147DBFA51ED6C9740038CB42 /* RegistroPerro.swift */; };
		14B15F1D1E8AB1740034BAB7 /* GoogleService-Info.plist in Resources */ = {isa = PBXBuildFile; fileRef = 14B15F1C1E8AB1740034BAB7 /* GoogleService-Info.plist */; };
		218904C5740702FE59D15311 /* Pods_PrimeraEntrega.framework in Frameworks */ = {isa = PBXBuildFile; fileRef = B1DD40D8435B3856622AE330 /* Pods_PrimeraEntrega.framework */; };
		D8B809DB1E82CAD000371276 /* VCColeccion.swift in Sources */ = {isa = PBXBuildFile; fileRef = D8B809DA1E82CAD000371276 /* VCColeccion.swift */; };
		D8B809DF1E82CF3700371276 /* CVCMiCelda2.swift in Sources */ = {isa = PBXBuildFile; fileRef = D8B809DE1E82CF3700371276 /* CVCMiCelda2.swift */; };
		D8B809E21E82D7B200371276 /* MapKit.framework in Frameworks */ = {isa = PBXBuildFile; fileRef = D8B809E11E82D7B200371276 /* MapKit.framework */; };
		D8B809E41E82D97A00371276 /* DataHolder.swift in Sources */ = {isa = PBXBuildFile; fileRef = D8B809E31E82D97A00371276 /* DataHolder.swift */; };
		D8F174011E8128C100314D60 /* AppDelegate.swift in Sources */ = {isa = PBXBuildFile; fileRef = D8F174001E8128C100314D60 /* AppDelegate.swift */; };
		D8F174031E8128C100314D60 /* IniciarSesion.swift in Sources */ = {isa = PBXBuildFile; fileRef = D8F174021E8128C100314D60 /* IniciarSesion.swift */; };
		D8F174061E8128C100314D60 /* Main.storyboard in Resources */ = {isa = PBXBuildFile; fileRef = D8F174041E8128C100314D60 /* Main.storyboard */; };
		D8F174081E8128C100314D60 /* Assets.xcassets in Resources */ = {isa = PBXBuildFile; fileRef = D8F174071E8128C100314D60 /* Assets.xcassets */; };
		D8F1740B1E8128C100314D60 /* LaunchScreen.storyboard in Resources */ = {isa = PBXBuildFile; fileRef = D8F174091E8128C100314D60 /* LaunchScreen.storyboard */; };
		D8F174131E81452000314D60 /* Registrar.swift in Sources */ = {isa = PBXBuildFile; fileRef = D8F174121E81452000314D60 /* Registrar.swift */; };
		D8F174151E8198C500314D60 /* VCPrincipal.swift in Sources */ = {isa = PBXBuildFile; fileRef = D8F174141E8198C500314D60 /* VCPrincipal.swift */; };
		D8F174171E819CD300314D60 /* TVMiCelda.swift in Sources */ = {isa = PBXBuildFile; fileRef = D8F174161E819CD300314D60 /* TVMiCelda.swift */; };
/* End PBXBuildFile section */

/* Begin PBXFileReference section */
		140254731EC1A108002482E5 /* InfoPerroViewController.swift */ = {isa = PBXFileReference; fileEncoding = 4; lastKnownFileType = sourcecode.swift; path = InfoPerroViewController.swift; sourceTree = "<group>"; };
		140D6AB11EBB393700989AD9 /* Perro.swift */ = {isa = PBXFileReference; fileEncoding = 4; lastKnownFileType = sourcecode.swift; path = Perro.swift; sourceTree = "<group>"; };
		140D6AB71EBB39C800989AD9 /* Restablecer.swift */ = {isa = PBXFileReference; fileEncoding = 4; lastKnownFileType = sourcecode.swift; path = Restablecer.swift; sourceTree = "<group>"; };
		140D6AB91EBB541C00989AD9 /* CVCMiCeldaColeccionFotos.swift */ = {isa = PBXFileReference; fileEncoding = 4; lastKnownFileType = sourcecode.swift; path = CVCMiCeldaColeccionFotos.swift; sourceTree = "<group>"; };
		143D53FC1E8A61D700A33535 /* LocationAdmin.swift */ = {isa = PBXFileReference; fileEncoding = 4; lastKnownFileType = sourcecode.swift; path = LocationAdmin.swift; sourceTree = "<group>"; };
		143D53FE1E8A6AC100A33535 /* VCMapa.swift */ = {isa = PBXFileReference; fileEncoding = 4; lastKnownFileType = sourcecode.swift; path = VCMapa.swift; sourceTree = "<group>"; };
		147DBFA51ED6C9740038CB42 /* RegistroPerro.swift */ = {isa = PBXFileReference; fileEncoding = 4; lastKnownFileType = sourcecode.swift; path = RegistroPerro.swift; sourceTree = "<group>"; };
		14B15F1C1E8AB1740034BAB7 /* GoogleService-Info.plist */ = {isa = PBXFileReference; fileEncoding = 4; lastKnownFileType = text.plist.xml; path = "GoogleService-Info.plist"; sourceTree = "<group>"; };
		B1DD40D8435B3856622AE330 /* Pods_PrimeraEntrega.framework */ = {isa = PBXFileReference; explicitFileType = wrapper.framework; includeInIndex = 0; path = Pods_PrimeraEntrega.framework; sourceTree = BUILT_PRODUCTS_DIR; };
		C2F6393E52DBDBFFAE31842F /* Pods-PrimeraEntrega.debug.xcconfig */ = {isa = PBXFileReference; includeInIndex = 1; lastKnownFileType = text.xcconfig; name = "Pods-PrimeraEntrega.debug.xcconfig"; path = "Pods/Target Support Files/Pods-PrimeraEntrega/Pods-PrimeraEntrega.debug.xcconfig"; sourceTree = "<group>"; };
		D8B809DA1E82CAD000371276 /* VCColeccion.swift */ = {isa = PBXFileReference; fileEncoding = 4; lastKnownFileType = sourcecode.swift; path = VCColeccion.swift; sourceTree = "<group>"; };
		D8B809DE1E82CF3700371276 /* CVCMiCelda2.swift */ = {isa = PBXFileReference; fileEncoding = 4; lastKnownFileType = sourcecode.swift; path = CVCMiCelda2.swift; sourceTree = "<group>"; };
		D8B809E11E82D7B200371276 /* MapKit.framework */ = {isa = PBXFileReference; lastKnownFileType = wrapper.framework; name = MapKit.framework; path = System/Library/Frameworks/MapKit.framework; sourceTree = SDKROOT; };
		D8B809E31E82D97A00371276 /* DataHolder.swift */ = {isa = PBXFileReference; fileEncoding = 4; lastKnownFileType = sourcecode.swift; path = DataHolder.swift; sourceTree = "<group>"; };
		D8F173FD1E8128C100314D60 /* PrimeraEntrega.app */ = {isa = PBXFileReference; explicitFileType = wrapper.application; includeInIndex = 0; path = PrimeraEntrega.app; sourceTree = BUILT_PRODUCTS_DIR; };
		D8F174001E8128C100314D60 /* AppDelegate.swift */ = {isa = PBXFileReference; lastKnownFileType = sourcecode.swift; path = AppDelegate.swift; sourceTree = "<group>"; };
		D8F174021E8128C100314D60 /* IniciarSesion.swift */ = {isa = PBXFileReference; lastKnownFileType = sourcecode.swift; path = IniciarSesion.swift; sourceTree = "<group>"; };
		D8F174051E8128C100314D60 /* Base */ = {isa = PBXFileReference; lastKnownFileType = file.storyboard; name = Base; path = Base.lproj/Main.storyboard; sourceTree = "<group>"; };
		D8F174071E8128C100314D60 /* Assets.xcassets */ = {isa = PBXFileReference; lastKnownFileType = folder.assetcatalog; path = Assets.xcassets; sourceTree = "<group>"; };
		D8F1740A1E8128C100314D60 /* Base */ = {isa = PBXFileReference; lastKnownFileType = file.storyboard; name = Base; path = Base.lproj/LaunchScreen.storyboard; sourceTree = "<group>"; };
		D8F1740C1E8128C100314D60 /* Info.plist */ = {isa = PBXFileReference; lastKnownFileType = text.plist.xml; path = Info.plist; sourceTree = "<group>"; };
		D8F174121E81452000314D60 /* Registrar.swift */ = {isa = PBXFileReference; fileEncoding = 4; lastKnownFileType = sourcecode.swift; path = Registrar.swift; sourceTree = "<group>"; };
		D8F174141E8198C500314D60 /* VCPrincipal.swift */ = {isa = PBXFileReference; fileEncoding = 4; lastKnownFileType = sourcecode.swift; path = VCPrincipal.swift; sourceTree = "<group>"; };
		D8F174161E819CD300314D60 /* TVMiCelda.swift */ = {isa = PBXFileReference; fileEncoding = 4; lastKnownFileType = sourcecode.swift; path = TVMiCelda.swift; sourceTree = "<group>"; };
		F7A0D9C2B9A4961A27DC39E1 /* Pods-PrimeraEntrega.release.xcconfig */ = {isa = PBXFileReference; includeInIndex = 1; lastKnownFileType = text.xcconfig; name = "Pods-PrimeraEntrega.release.xcconfig"; path = "Pods/Target Support Files/Pods-PrimeraEntrega/Pods-PrimeraEntrega.release.xcconfig"; sourceTree = "<group>"; };
/* End PBXFileReference section */

/* Begin PBXFrameworksBuildPhase section */
		D8F173FA1E8128C100314D60 /* Frameworks */ = {
			isa = PBXFrameworksBuildPhase;
			buildActionMask = 2147483647;
			files = (
				D8B809E21E82D7B200371276 /* MapKit.framework in Frameworks */,
				218904C5740702FE59D15311 /* Pods_PrimeraEntrega.framework in Frameworks */,
			);
			runOnlyForDeploymentPostprocessing = 0;
		};
/* End PBXFrameworksBuildPhase section */

/* Begin PBXGroup section */
		0B048756BE3F2B2E544FAF28 /* Pods */ = {
			isa = PBXGroup;
			children = (
				C2F6393E52DBDBFFAE31842F /* Pods-PrimeraEntrega.debug.xcconfig */,
				F7A0D9C2B9A4961A27DC39E1 /* Pods-PrimeraEntrega.release.xcconfig */,
			);
			name = Pods;
			sourceTree = "<group>";
		};
		D8B809E01E82D7B200371276 /* Frameworks */ = {
			isa = PBXGroup;
			children = (
				D8B809E11E82D7B200371276 /* MapKit.framework */,
				B1DD40D8435B3856622AE330 /* Pods_PrimeraEntrega.framework */,
			);
			name = Frameworks;
			sourceTree = "<group>";
		};
		D8F173F41E8128C100314D60 = {
			isa = PBXGroup;
			children = (
				D8F173FF1E8128C100314D60 /* PrimeraEntrega */,
				D8F173FE1E8128C100314D60 /* Products */,
				D8B809E01E82D7B200371276 /* Frameworks */,
				0B048756BE3F2B2E544FAF28 /* Pods */,
			);
			sourceTree = "<group>";
		};
		D8F173FE1E8128C100314D60 /* Products */ = {
			isa = PBXGroup;
			children = (
				D8F173FD1E8128C100314D60 /* PrimeraEntrega.app */,
			);
			name = Products;
			sourceTree = "<group>";
		};
		D8F173FF1E8128C100314D60 /* PrimeraEntrega */ = {
			isa = PBXGroup;
			children = (
				D8F174001E8128C100314D60 /* AppDelegate.swift */,
				D8F174021E8128C100314D60 /* IniciarSesion.swift */,
				D8F174041E8128C100314D60 /* Main.storyboard */,
				D8F174071E8128C100314D60 /* Assets.xcassets */,
				D8F174091E8128C100314D60 /* LaunchScreen.storyboard */,
				D8F1740C1E8128C100314D60 /* Info.plist */,
				D8F174121E81452000314D60 /* Registrar.swift */,
				D8F174141E8198C500314D60 /* VCPrincipal.swift */,
				D8F174161E819CD300314D60 /* TVMiCelda.swift */,
				D8B809DA1E82CAD000371276 /* VCColeccion.swift */,
				D8B809DE1E82CF3700371276 /* CVCMiCelda2.swift */,
				D8B809E31E82D97A00371276 /* DataHolder.swift */,
				143D53FC1E8A61D700A33535 /* LocationAdmin.swift */,
				143D53FE1E8A6AC100A33535 /* VCMapa.swift */,
				14B15F1C1E8AB1740034BAB7 /* GoogleService-Info.plist */,
				140D6AB11EBB393700989AD9 /* Perro.swift */,
				140D6AB71EBB39C800989AD9 /* Restablecer.swift */,
				140D6AB91EBB541C00989AD9 /* CVCMiCeldaColeccionFotos.swift */,
				140254731EC1A108002482E5 /* InfoPerroViewController.swift */,
				147DBFA51ED6C9740038CB42 /* RegistroPerro.swift */,
			);
			path = PrimeraEntrega;
			sourceTree = "<group>";
		};
/* End PBXGroup section */

/* Begin PBXNativeTarget section */
		D8F173FC1E8128C100314D60 /* PrimeraEntrega */ = {
			isa = PBXNativeTarget;
			buildConfigurationList = D8F1740F1E8128C100314D60 /* Build configuration list for PBXNativeTarget "PrimeraEntrega" */;
			buildPhases = (
				1EE92AFD250FC312096D5090 /* [CP] Check Pods Manifest.lock */,
				D8F173F91E8128C100314D60 /* Sources */,
				D8F173FA1E8128C100314D60 /* Frameworks */,
				D8F173FB1E8128C100314D60 /* Resources */,
				C80C67ABE6AAF5786EF05D83 /* [CP] Embed Pods Frameworks */,
				B726181A5DEDB038381A94F7 /* [CP] Copy Pods Resources */,
			);
			buildRules = (
			);
			dependencies = (
			);
			name = PrimeraEntrega;
			productName = PrimeraEntrega;
			productReference = D8F173FD1E8128C100314D60 /* PrimeraEntrega.app */;
			productType = "com.apple.product-type.application";
		};
/* End PBXNativeTarget section */

/* Begin PBXProject section */
		D8F173F51E8128C100314D60 /* Project object */ = {
			isa = PBXProject;
			attributes = {
				LastSwiftUpdateCheck = 0820;
				LastUpgradeCheck = 0820;
				ORGANIZATIONNAME = "Taysir Al-Shareef Pinero";
				TargetAttributes = {
					D8F173FC1E8128C100314D60 = {
						CreatedOnToolsVersion = 8.2.1;
						ProvisioningStyle = Automatic;
						SystemCapabilities = {
							com.apple.Maps.iOS = {
								enabled = 1;
							};
						};
					};
				};
			};
			buildConfigurationList = D8F173F81E8128C100314D60 /* Build configuration list for PBXProject "PrimeraEntrega" */;
			compatibilityVersion = "Xcode 3.2";
			developmentRegion = English;
			hasScannedForEncodings = 0;
			knownRegions = (
				en,
				Base,
			);
			mainGroup = D8F173F41E8128C100314D60;
			productRefGroup = D8F173FE1E8128C100314D60 /* Products */;
			projectDirPath = "";
			projectRoot = "";
			targets = (
				D8F173FC1E8128C100314D60 /* PrimeraEntrega */,
			);
		};
/* End PBXProject section */

/* Begin PBXResourcesBuildPhase section */
		D8F173FB1E8128C100314D60 /* Resources */ = {
			isa = PBXResourcesBuildPhase;
			buildActionMask = 2147483647;
			files = (
				D8F1740B1E8128C100314D60 /* LaunchScreen.storyboard in Resources */,
				14B15F1D1E8AB1740034BAB7 /* GoogleService-Info.plist in Resources */,
				D8F174081E8128C100314D60 /* Assets.xcassets in Resources */,
				D8F174061E8128C100314D60 /* Main.storyboard in Resources */,
			);
			runOnlyForDeploymentPostprocessing = 0;
		};
/* End PBXResourcesBuildPhase section */

/* Begin PBXShellScriptBuildPhase section */
		1EE92AFD250FC312096D5090 /* [CP] Check Pods Manifest.lock */ = {
			isa = PBXShellScriptBuildPhase;
			buildActionMask = 2147483647;
			files = (
			);
			inputPaths = (
			);
			name = "[CP] Check Pods Manifest.lock";
			outputPaths = (
			);
			runOnlyForDeploymentPostprocessing = 0;
			shellPath = /bin/sh;
			shellScript = "diff \"${PODS_ROOT}/../Podfile.lock\" \"${PODS_ROOT}/Manifest.lock\" > /dev/null\nif [ $? != 0 ] ; then\n    # print error to STDERR\n    echo \"error: The sandbox is not in sync with the Podfile.lock. Run 'pod install' or update your CocoaPods installation.\" >&2\n    exit 1\nfi\n";
			showEnvVarsInLog = 0;
		};
		B726181A5DEDB038381A94F7 /* [CP] Copy Pods Resources */ = {
			isa = PBXShellScriptBuildPhase;
			buildActionMask = 2147483647;
			files = (
			);
			inputPaths = (
			);
			name = "[CP] Copy Pods Resources";
			outputPaths = (
			);
			runOnlyForDeploymentPostprocessing = 0;
			shellPath = /bin/sh;
			shellScript = "\"${SRCROOT}/Pods/Target Support Files/Pods-PrimeraEntrega/Pods-PrimeraEntrega-resources.sh\"\n";
			showEnvVarsInLog = 0;
		};
		C80C67ABE6AAF5786EF05D83 /* [CP] Embed Pods Frameworks */ = {
			isa = PBXShellScriptBuildPhase;
			buildActionMask = 2147483647;
			files = (
			);
			inputPaths = (
			);
			name = "[CP] Embed Pods Frameworks";
			outputPaths = (
			);
			runOnlyForDeploymentPostprocessing = 0;
			shellPath = /bin/sh;
			shellScript = "\"${SRCROOT}/Pods/Target Support Files/Pods-PrimeraEntrega/Pods-PrimeraEntrega-frameworks.sh\"\n";
			showEnvVarsInLog = 0;
		};
/* End PBXShellScriptBuildPhase section */

/* Begin PBXSourcesBuildPhase section */
		D8F173F91E8128C100314D60 /* Sources */ = {
			isa = PBXSourcesBuildPhase;
			buildActionMask = 2147483647;
			files = (
				D8F174171E819CD300314D60 /* TVMiCelda.swift in Sources */,
				143D53FF1E8A6AC100A33535 /* VCMapa.swift in Sources */,
				D8B809DF1E82CF3700371276 /* CVCMiCelda2.swift in Sources */,
				143D53FD1E8A61D700A33535 /* LocationAdmin.swift in Sources */,
				140D6AB21EBB393700989AD9 /* Perro.swift in Sources */,
				140D6ABA1EBB541C00989AD9 /* CVCMiCeldaColeccionFotos.swift in Sources */,
				D8F174031E8128C100314D60 /* IniciarSesion.swift in Sources */,
				D8B809E41E82D97A00371276 /* DataHolder.swift in Sources */,
				140D6AB81EBB39C800989AD9 /* Restablecer.swift in Sources */,
				140254741EC1A108002482E5 /* InfoPerroViewController.swift in Sources */,
				D8F174131E81452000314D60 /* Registrar.swift in Sources */,
				D8F174011E8128C100314D60 /* AppDelegate.swift in Sources */,
				147DBFA61ED6C9740038CB42 /* RegistroPerro.swift in Sources */,
				D8B809DB1E82CAD000371276 /* VCColeccion.swift in Sources */,
				D8F174151E8198C500314D60 /* VCPrincipal.swift in Sources */,
			);
			runOnlyForDeploymentPostprocessing = 0;
		};
/* End PBXSourcesBuildPhase section */

/* Begin PBXVariantGroup section */
		D8F174041E8128C100314D60 /* Main.storyboard */ = {
			isa = PBXVariantGroup;
			children = (
				D8F174051E8128C100314D60 /* Base */,
			);
			name = Main.storyboard;
			sourceTree = "<group>";
		};
		D8F174091E8128C100314D60 /* LaunchScreen.storyboard */ = {
			isa = PBXVariantGroup;
			children = (
				D8F1740A1E8128C100314D60 /* Base */,
			);
			name = LaunchScreen.storyboard;
			sourceTree = "<group>";
		};
/* End PBXVariantGroup section */

/* Begin XCBuildConfiguration section */
		D8F1740D1E8128C100314D60 /* Debug */ = {
			isa = XCBuildConfiguration;
			buildSettings = {
				ALWAYS_SEARCH_USER_PATHS = NO;
				CLANG_ANALYZER_NONNULL = YES;
				CLANG_CXX_LANGUAGE_STANDARD = "gnu++0x";
				CLANG_CXX_LIBRARY = "libc++";
				CLANG_ENABLE_MODULES = YES;
				CLANG_ENABLE_OBJC_ARC = YES;
				CLANG_WARN_BOOL_CONVERSION = YES;
				CLANG_WARN_CONSTANT_CONVERSION = YES;
				CLANG_WARN_DIRECT_OBJC_ISA_USAGE = YES_ERROR;
				CLANG_WARN_DOCUMENTATION_COMMENTS = YES;
				CLANG_WARN_EMPTY_BODY = YES;
				CLANG_WARN_ENUM_CONVERSION = YES;
				CLANG_WARN_INFINITE_RECURSION = YES;
				CLANG_WARN_INT_CONVERSION = YES;
				CLANG_WARN_OBJC_ROOT_CLASS = YES_ERROR;
				CLANG_WARN_SUSPICIOUS_MOVE = YES;
				CLANG_WARN_UNREACHABLE_CODE = YES;
				CLANG_WARN__DUPLICATE_METHOD_MATCH = YES;
				"CODE_SIGN_IDENTITY[sdk=iphoneos*]" = "iPhone Developer";
				COPY_PHASE_STRIP = NO;
				DEBUG_INFORMATION_FORMAT = dwarf;
				ENABLE_STRICT_OBJC_MSGSEND = YES;
				ENABLE_TESTABILITY = YES;
				GCC_C_LANGUAGE_STANDARD = gnu99;
				GCC_DYNAMIC_NO_PIC = NO;
				GCC_NO_COMMON_BLOCKS = YES;
				GCC_OPTIMIZATION_LEVEL = 0;
				GCC_PREPROCESSOR_DEFINITIONS = (
					"DEBUG=1",
					"$(inherited)",
				);
				GCC_WARN_64_TO_32_BIT_CONVERSION = YES;
				GCC_WARN_ABOUT_RETURN_TYPE = YES_ERROR;
				GCC_WARN_UNDECLARED_SELECTOR = YES;
				GCC_WARN_UNINITIALIZED_AUTOS = YES_AGGRESSIVE;
				GCC_WARN_UNUSED_FUNCTION = YES;
				GCC_WARN_UNUSED_VARIABLE = YES;
				IPHONEOS_DEPLOYMENT_TARGET = 10.2;
				MTL_ENABLE_DEBUG_INFO = YES;
				ONLY_ACTIVE_ARCH = YES;
				SDKROOT = iphoneos;
				SWIFT_ACTIVE_COMPILATION_CONDITIONS = DEBUG;
				SWIFT_OPTIMIZATION_LEVEL = "-Onone";
				TARGETED_DEVICE_FAMILY = "1,2";
			};
			name = Debug;
		};
		D8F1740E1E8128C100314D60 /* Release */ = {
			isa = XCBuildConfiguration;
			buildSettings = {
				ALWAYS_SEARCH_USER_PATHS = NO;
				CLANG_ANALYZER_NONNULL = YES;
				CLANG_CXX_LANGUAGE_STANDARD = "gnu++0x";
				CLANG_CXX_LIBRARY = "libc++";
				CLANG_ENABLE_MODULES = YES;
				CLANG_ENABLE_OBJC_ARC = YES;
				CLANG_WARN_BOOL_CONVERSION = YES;
				CLANG_WARN_CONSTANT_CONVERSION = YES;
				CLANG_WARN_DIRECT_OBJC_ISA_USAGE = YES_ERROR;
				CLANG_WARN_DOCUMENTATION_COMMENTS = YES;
				CLANG_WARN_EMPTY_BODY = YES;
				CLANG_WARN_ENUM_CONVERSION = YES;
				CLANG_WARN_INFINITE_RECURSION = YES;
				CLANG_WARN_INT_CONVERSION = YES;
				CLANG_WARN_OBJC_ROOT_CLASS = YES_ERROR;
				CLANG_WARN_SUSPICIOUS_MOVE = YES;
				CLANG_WARN_UNREACHABLE_CODE = YES;
				CLANG_WARN__DUPLICATE_METHOD_MATCH = YES;
				"CODE_SIGN_IDENTITY[sdk=iphoneos*]" = "iPhone Developer";
				COPY_PHASE_STRIP = NO;
				DEBUG_INFORMATION_FORMAT = "dwarf-with-dsym";
				ENABLE_NS_ASSERTIONS = NO;
				ENABLE_STRICT_OBJC_MSGSEND = YES;
				GCC_C_LANGUAGE_STANDARD = gnu99;
				GCC_NO_COMMON_BLOCKS = YES;
				GCC_WARN_64_TO_32_BIT_CONVERSION = YES;
				GCC_WARN_ABOUT_RETURN_TYPE = YES_ERROR;
				GCC_WARN_UNDECLARED_SELECTOR = YES;
				GCC_WARN_UNINITIALIZED_AUTOS = YES_AGGRESSIVE;
				GCC_WARN_UNUSED_FUNCTION = YES;
				GCC_WARN_UNUSED_VARIABLE = YES;
				IPHONEOS_DEPLOYMENT_TARGET = 10.2;
				MTL_ENABLE_DEBUG_INFO = NO;
				SDKROOT = iphoneos;
				SWIFT_OPTIMIZATION_LEVEL = "-Owholemodule";
				TARGETED_DEVICE_FAMILY = "1,2";
				VALIDATE_PRODUCT = YES;
			};
			name = Release;
		};
		D8F174101E8128C100314D60 /* Debug */ = {
			isa = XCBuildConfiguration;
			baseConfigurationReference = C2F6393E52DBDBFFAE31842F /* Pods-PrimeraEntrega.debug.xcconfig */;
			buildSettings = {
				ASSETCATALOG_COMPILER_APPICON_NAME = AppIcon;
				INFOPLIST_FILE = PrimeraEntrega/Info.plist;
				LD_RUNPATH_SEARCH_PATHS = "$(inherited) @executable_path/Frameworks";
				PRODUCT_BUNDLE_IDENTIFIER = UTAD.PrimeraEntrega;
				PRODUCT_NAME = "$(TARGET_NAME)";
				SWIFT_VERSION = 3.0;
			};
			name = Debug;
		};
		D8F174111E8128C100314D60 /* Release */ = {
			isa = XCBuildConfiguration;
			baseConfigurationReference = F7A0D9C2B9A4961A27DC39E1 /* Pods-PrimeraEntrega.release.xcconfig */;
			buildSettings = {
				ASSETCATALOG_COMPILER_APPICON_NAME = AppIcon;
				INFOPLIST_FILE = PrimeraEntrega/Info.plist;
				LD_RUNPATH_SEARCH_PATHS = "$(inherited) @executable_path/Frameworks";
				PRODUCT_BUNDLE_IDENTIFIER = UTAD.PrimeraEntrega;
				PRODUCT_NAME = "$(TARGET_NAME)";
				SWIFT_VERSION = 3.0;
			};
			name = Release;
		};
/* End XCBuildConfiguration section */

/* Begin XCConfigurationList section */
		D8F173F81E8128C100314D60 /* Build configuration list for PBXProject "PrimeraEntrega" */ = {
			isa = XCConfigurationList;
			buildConfigurations = (
				D8F1740D1E8128C100314D60 /* Debug */,
				D8F1740E1E8128C100314D60 /* Release */,
			);
			defaultConfigurationIsVisible = 0;
			defaultConfigurationName = Release;
		};
		D8F1740F1E8128C100314D60 /* Build configuration list for PBXNativeTarget "PrimeraEntrega" */ = {
			isa = XCConfigurationList;
			buildConfigurations = (
				D8F174101E8128C100314D60 /* Debug */,
				D8F174111E8128C100314D60 /* Release */,
			);
			defaultConfigurationIsVisible = 0;
			defaultConfigurationName = Release;
		};
/* End XCConfigurationList section */
	};
	rootObject = D8F173F51E8128C100314D60 /* Project object */;
}
